
Microsoft Visual Studio Solution File, Format Version 12.00
# Visual Studio Version 17
VisualStudioVersion = 17.4.33213.308
MinimumVisualStudioVersion = 10.0.40219.1
Project("{9A19103F-16F7-4668-BE54-9A1E7A4F7556}") = "BridgeDesignPattern", "BridgeDesignPattern\BridgeDesignPattern.csproj", "{9584C033-E416-496C-ABC1-B41865F27A2C}"
EndProject
Project("{9A19103F-16F7-4668-BE54-9A1E7A4F7556}") = "BridgeDesignPatternRealTimeExample", "BridgeDesignPatternRealTimeExample\BridgeDesignPatternRealTimeExample.csproj", "{2A134481-B0DF-402E-B620-EA1E16A25AF4}"
EndProject
Global
	GlobalSection(SolutionConfigurationPlatforms) = preSolution
		Debug|Any CPU = Debug|Any CPU
		Release|Any CPU = Release|Any CPU
	EndGlobalSection
	GlobalSection(ProjectConfigurationPlatforms) = postSolution
		{9584C033-E416-496C-ABC1-B41865F27A2C}.Debug|Any CPU.ActiveCfg = Debug|Any CPU
		{9584C033-E416-496C-ABC1-B41865F27A2C}.Debug|Any CPU.Build.0 = Debug|Any CPU
		{9584C033-E416-496C-ABC1-B41865F27A2C}.Release|Any CPU.ActiveCfg = Release|Any CPU
		{9584C033-E416-496C-ABC1-B41865F27A2C}.Release|Any CPU.Build.0 = Release|Any CPU
		{2A134481-B0DF-402E-B620-EA1E16A25AF4}.Debug|Any CPU.ActiveCfg = Debug|Any CPU
		{2A134481-B0DF-402E-B620-EA1E16A25AF4}.Debug|Any CPU.Build.0 = Debug|Any CPU
		{2A134481-B0DF-402E-B620-EA1E16A25AF4}.Release|Any CPU.ActiveCfg = Release|Any CPU
		{2A134481-B0DF-402E-B620-EA1E16A25AF4}.Release|Any CPU.Build.0 = Release|Any CPU
	EndGlobalSection
	GlobalSection(SolutionProperties) = preSolution
		HideSolutionNode = FALSE
	EndGlobalSection
	GlobalSection(ExtensibilityGlobals) = postSolution
		SolutionGuid = {21A69E62-41E2-41C9-B25C-E9EB415A7E29}
	EndGlobalSection
EndGlobal
